<?xml version="1.0" encoding="utf-8"?>
<Project ToolsVersion="4.0" xmlns="http://schemas.microsoft.com/developer/msbuild/2003">
  <ItemGroup>
    <Filter Include="Source Files">
      <UniqueIdentifier>{4FC737F1-C7A5-4376-A066-2A32D752A2FF}</UniqueIdentifier>
      <Extensions>cpp;c;cc;cxx;c++;cppm;ixx;def;odl;idl;hpj;bat;asm;asmx</Extensions>
    </Filter>
    <Filter Include="Header Files">
      <UniqueIdentifier>{93995380-89BD-4b04-88EB-625FBE52EBFB}</UniqueIdentifier>
      <Extensions>h;hh;hpp;hxx;h++;hm;inl;inc;ipp;xsd</Extensions>
    </Filter>
    <Filter Include="Resource Files">
      <UniqueIdentifier>{67DA6AB6-F800-4c08-8B7A-83BB121AAD01}</UniqueIdentifier>
      <Extensions>rc;ico;cur;bmp;dlg;rc2;rct;bin;rgs;gif;jpg;jpeg;jpe;resx;tiff;tif;png;wav;mfcribbon-ms</Extensions>
    </Filter>
    <Filter Include="Header Files\programmingPatterns">
      <UniqueIdentifier>{26664846-cb25-48a5-929e-f53a6e8ad33b}</UniqueIdentifier>
    </Filter>
    <Filter Include="Header Files\programmingPatterns\Builder">
      <UniqueIdentifier>{6f4ed873-bb38-49f7-b7e3-f14eb46302cf}</UniqueIdentifier>
    </Filter>
    <Filter Include="Source Files\Builder">
      <UniqueIdentifier>{b472e877-a9fd-4677-b16e-14163b3608b4}</UniqueIdentifier>
    </Filter>
    <Filter Include="Source Files\programmingPatterns">
      <UniqueIdentifier>{7c583103-61b2-470f-befb-0e5e1a90af4b}</UniqueIdentifier>
    </Filter>
    <Filter Include="Header Files\programmingPatterns\Prototype">
      <UniqueIdentifier>{1ebb5bfb-6881-40c0-99bb-cd7efd9a3bea}</UniqueIdentifier>
    </Filter>
    <Filter Include="Header Files\programmingPatterns\Adapter">
      <UniqueIdentifier>{f2cb90d2-740e-471b-a1c3-781bf3cdb34a}</UniqueIdentifier>
    </Filter>
    <Filter Include="Header Files\programmingPatterns\Decorator">
      <UniqueIdentifier>{d68a16d2-903d-4cfe-b4c6-043d9fbeaa6d}</UniqueIdentifier>
    </Filter>
  </ItemGroup>
  <ItemGroup>
    <ClInclude Include="include\Rectangulo.h">
      <Filter>Header Files</Filter>
    </ClInclude>
    <ClInclude Include="include\Prerequisites.h">
      <Filter>Header Files</Filter>
    </ClInclude>
    <ClInclude Include="include\Item.h">
      <Filter>Header Files</Filter>
    </ClInclude>
    <ClInclude Include="include\Inventory.h">
      <Filter>Header Files</Filter>
    </ClInclude>
    <ClInclude Include="include\Circulo.h">
      <Filter>Header Files</Filter>
    </ClInclude>
    <ClInclude Include="include\Estudiante.h">
      <Filter>Header Files</Filter>
    </ClInclude>
    <ClInclude Include="include\CuentaBancaria.h">
      <Filter>Header Files</Filter>
    </ClInclude>
    <ClInclude Include="include\UsuarioBancario.h">
      <Filter>Header Files</Filter>
    </ClInclude>
    <ClInclude Include="include\Banco.h">
      <Filter>Header Files</Filter>
    </ClInclude>
    <ClInclude Include="include\programmingPatterns\MiSingleton.h">
      <Filter>Header Files\programmingPatterns</Filter>
    </ClInclude>
    <ClInclude Include="include\programmingPatterns\RegistroActividad.h">
      <Filter>Header Files\programmingPatterns</Filter>
    </ClInclude>
    <ClInclude Include="include\programmingPatterns\factoryMethod.h">
      <Filter>Header Files\programmingPatterns</Filter>
    </ClInclude>
    <ClInclude Include="include\programmingPatterns\Vehiculos.h">
      <Filter>Header Files\programmingPatterns</Filter>
    </ClInclude>
    <ClInclude Include="include\programmingPatterns\Builder\Builder.h">
      <Filter>Header Files\programmingPatterns</Filter>
    </ClInclude>
    <ClInclude Include="include\programmingPatterns\Builder\BuilderConcreto.h">
      <Filter>Header Files\programmingPatterns</Filter>
    </ClInclude>
    <ClInclude Include="include\programmingPatterns\Builder\Producto.h">
      <Filter>Header Files\programmingPatterns\Builder</Filter>
    </ClInclude>
    <ClInclude Include="include\programmingPatterns\Builder\Director.h">
      <Filter>Header Files\programmingPatterns\Builder</Filter>
    </ClInclude>
    <ClInclude Include="include\programmingPatterns\Builder\Pizza.h">
      <Filter>Header Files\programmingPatterns\Builder</Filter>
    </ClInclude>
    <ClInclude Include="include\programmingPatterns\Builder\ConstructorPizza.h">
      <Filter>Header Files\programmingPatterns\Builder</Filter>
    </ClInclude>
    <ClInclude Include="include\programmingPatterns\Builder\ConstructorPizzaHawaiana.h">
      <Filter>Header Files\programmingPatterns\Builder</Filter>
    </ClInclude>
    <ClInclude Include="include\programmingPatterns\Builder\ConstructorPizzaVegetariana.h">
      <Filter>Header Files\programmingPatterns\Builder</Filter>
    </ClInclude>
    <ClInclude Include="include\programmingPatterns\Prototype\Prototype.h">
      <Filter>Header Files\programmingPatterns\Prototype</Filter>
    </ClInclude>
    <ClInclude Include="include\programmingPatterns\Prototype\PrototypeConcreto.h">
      <Filter>Header Files\programmingPatterns\Prototype</Filter>
    </ClInclude>
    <ClInclude Include="include\programmingPatterns\Prototype\Documento.h">
      <Filter>Header Files\programmingPatterns\Prototype</Filter>
    </ClInclude>
    <ClInclude Include="include\programmingPatterns\Prototype\DocumentoPrototype.h">
      <Filter>Header Files\programmingPatterns\Prototype</Filter>
    </ClInclude>
    <ClInclude Include="include\programmingPatterns\Prototype\DocumentoTexto.h">
      <Filter>Header Files\programmingPatterns\Prototype</Filter>
    </ClInclude>
    <ClInclude Include="include\programmingPatterns\Prototype\DocumentoImagen.h">
      <Filter>Header Files\programmingPatterns\Prototype</Filter>
    </ClInclude>
    <ClInclude Include="include\programmingPatterns\Adapter\InterfazVieja.h">
      <Filter>Header Files\programmingPatterns\Adapter</Filter>
    </ClInclude>
    <ClInclude Include="include\programmingPatterns\Adapter\InterfazNueva.h">
      <Filter>Header Files\programmingPatterns\Adapter</Filter>
    </ClInclude>
    <ClInclude Include="include\programmingPatterns\Adapter\Adaptador.h">
      <Filter>Header Files\programmingPatterns\Adapter</Filter>
    </ClInclude>
    <ClInclude Include="include\programmingPatterns\Adapter\Circulo.h">
      <Filter>Header Files\programmingPatterns\Adapter</Filter>
    </ClInclude>
    <ClInclude Include="include\programmingPatterns\Adapter\Cuadrado.h">
      <Filter>Header Files\programmingPatterns\Adapter</Filter>
    </ClInclude>
    <ClInclude Include="include\programmingPatterns\Adapter\Dibujable.h">
      <Filter>Header Files\programmingPatterns\Adapter</Filter>
    </ClInclude>
    <ClInclude Include="include\programmingPatterns\Adapter\CirculoAdapter.h">
      <Filter>Header Files\programmingPatterns\Adapter</Filter>
    </ClInclude>
    <ClInclude Include="include\programmingPatterns\Adapter\CuadradoAdapter.h">
      <Filter>Header Files\programmingPatterns\Adapter</Filter>
    </ClInclude>
    <ClInclude Include="include\programmingPatterns\Decorator\Componente.h">
      <Filter>Header Files\programmingPatterns\Decorator</Filter>
    </ClInclude>
    <ClInclude Include="include\programmingPatterns\Decorator\ComponenteConcreto.h">
      <Filter>Header Files\programmingPatterns\Decorator</Filter>
    </ClInclude>
    <ClInclude Include="include\programmingPatterns\Decorator\Decorator.h">
      <Filter>Header Files\programmingPatterns\Decorator</Filter>
    </ClInclude>
    <ClInclude Include="include\programmingPatterns\Decorator\DecoratorConcretoA.h">
      <Filter>Header Files\programmingPatterns\Decorator</Filter>
    </ClInclude>
    <ClInclude Include="include\programmingPatterns\Decorator\DecoratorConcretoB.h">
      <Filter>Header Files\programmingPatterns\Decorator</Filter>
    </ClInclude>
  </ItemGroup>
  <ItemGroup>
    <ClCompile Include="source\main2.cpp">
      <Filter>Source Files</Filter>
    </ClCompile>
    <ClCompile Include="source\programmingPatterns\Builder\Pizza.cpp">
      <Filter>Source Files\programmingPatterns</Filter>
    </ClCompile>
    <ClCompile Include="source\programmingPatterns\Builder\ConstructorPizza.cpp">
      <Filter>Source Files\programmingPatterns</Filter>
    </ClCompile>
    <ClCompile Include="source\programmingPatterns\Builder\ConstructorPizzaHawaiana.cpp">
      <Filter>Source Files\programmingPatterns</Filter>
    </ClCompile>
    <ClCompile Include="source\programmingPatterns\Builder\ConstructorPizzaVegetariana.cpp">
      <Filter>Source Files\programmingPatterns</Filter>
    </ClCompile>
    <ClCompile Include="source\programmingPatterns\Builder\Director.cpp">
      <Filter>Source Files\programmingPatterns</Filter>
    </ClCompile>
  </ItemGroup>
</Project>